
Microsoft Visual Studio Solution File, Format Version 12.00
# Visual Studio Version 17
VisualStudioVersion = 17.0.31717.71
MinimumVisualStudioVersion = 10.0.40219.1
Project("{9A19103F-16F7-4668-BE54-9A1E7A4F7556}") = "MessagingService", "MessagingService\MessagingService.csproj", "{36C5DA0A-1750-40F8-8B5F-63314E6A7941}"
EndProject
Project("{FAE04EC0-301F-11D3-BF4B-00C04F79EFBC}") = "MessagingService.Test", "MessagingService.Test\MessagingService.Test.csproj", "{2E62416F-7861-4BBC-99BF-2110C5B2453E}"
EndProject
Global
	GlobalSection(SolutionConfigurationPlatforms) = preSolution
		Debug|Any CPU = Debug|Any CPU
		Release|Any CPU = Release|Any CPU
	EndGlobalSection
	GlobalSection(ProjectConfigurationPlatforms) = postSolution
		{36C5DA0A-1750-40F8-8B5F-63314E6A7941}.Debug|Any CPU.ActiveCfg = Debug|Any CPU
		{36C5DA0A-1750-40F8-8B5F-63314E6A7941}.Debug|Any CPU.Build.0 = Debug|Any CPU
		{36C5DA0A-1750-40F8-8B5F-63314E6A7941}.Release|Any CPU.ActiveCfg = Release|Any CPU
		{36C5DA0A-1750-40F8-8B5F-63314E6A7941}.Release|Any CPU.Build.0 = Release|Any CPU
		{2E62416F-7861-4BBC-99BF-2110C5B2453E}.Debug|Any CPU.ActiveCfg = Debug|Any CPU
		{2E62416F-7861-4BBC-99BF-2110C5B2453E}.Debug|Any CPU.Build.0 = Debug|Any CPU
		{2E62416F-7861-4BBC-99BF-2110C5B2453E}.Release|Any CPU.ActiveCfg = Release|Any CPU
		{2E62416F-7861-4BBC-99BF-2110C5B2453E}.Release|Any CPU.Build.0 = Release|Any CPU
	EndGlobalSection
	GlobalSection(SolutionProperties) = preSolution
		HideSolutionNode = FALSE
	EndGlobalSection
	GlobalSection(ExtensibilityGlobals) = postSolution
		SolutionGuid = {61E2CE56-AD72-4A2C-B3A1-5C623617A6B0}
	EndGlobalSection
EndGlobal
